
Microsoft Visual Studio Solution File, Format Version 12.00
# Visual Studio Version 17
VisualStudioVersion = 17.3.32819.101
MinimumVisualStudioVersion = 10.0.40219.1
Project("{FAE04EC0-301F-11D3-BF4B-00C04F79EFBC}") = "AC", "AC\AC.csproj", "{37E39E40-8E18-4F98-BA71-2CB7D24F4B57}"
EndProject
Project("{2150E333-8FDC-42A3-9474-1A3956D46DE8}") = "01表现层UI", "01表现层UI", "{58260C16-C088-466F-8333-7FC933308E47}"
EndProject
Project("{2150E333-8FDC-42A3-9474-1A3956D46DE8}") = "02业务逻辑层BLL", "02业务逻辑层BLL", "{E71E0075-9507-401C-88E0-261B336E7821}"
EndProject
Project("{2150E333-8FDC-42A3-9474-1A3956D46DE8}") = "03数据访问层DAL", "03数据访问层DAL", "{DA616CF6-B2CF-4C2B-A5BE-707ABC001CA2}"
EndProject
Project("{2150E333-8FDC-42A3-9474-1A3956D46DE8}") = "04实体层Model", "04实体层Model", "{AA63687D-0A71-48C5-86A2-273C5762B5B0}"
EndProject
Project("{FAE04EC0-301F-11D3-BF4B-00C04F79EFBC}") = "ACModel", "ACModel\ACModel.csproj", "{D2B6B858-82B8-401A-AA78-49E9ABA317B3}"
EndProject
Project("{FAE04EC0-301F-11D3-BF4B-00C04F79EFBC}") = "AC_Control", "AC_Control\AC_Control.csproj", "{502546EF-D20A-4278-96D0-75717376B24F}"
EndProject
Project("{FAE04EC0-301F-11D3-BF4B-00C04F79EFBC}") = "LoginManage", "LoginModel\LoginManage.csproj", "{3CCD844E-7450-4997-8101-4F42FA27B1AF}"
EndProject
Project("{FAE04EC0-301F-11D3-BF4B-00C04F79EFBC}") = "LoginService", "LoginService\LoginService.csproj", "{59F73639-1593-4C7D-A632-F65DD6E05A61}"
EndProject
Project("{2150E333-8FDC-42A3-9474-1A3956D46DE8}") = "Helper", "Helper", "{A98E917B-4037-478F-B49B-98AA5906E71E}"
EndProject
Project("{FAE04EC0-301F-11D3-BF4B-00C04F79EFBC}") = "EmailHelper", "EmailHelper\EmailHelper.csproj", "{0D75844F-CE45-4943-B3DD-74A206469D46}"
EndProject
Project("{FAE04EC0-301F-11D3-BF4B-00C04F79EFBC}") = "IDHelper", "IDHelper\IDHelper.csproj", "{C00C3868-06C1-4571-B92B-68C31E0EE8A9}"
EndProject
Project("{FAE04EC0-301F-11D3-BF4B-00C04F79EFBC}") = "UserManage", "UserMan\UserManage.csproj", "{70B5FD92-4EEA-4AF2-AC07-1F11F4F9B02A}"
EndProject
Project("{FAE04EC0-301F-11D3-BF4B-00C04F79EFBC}") = "UserService", "UserService\UserService.csproj", "{8A122512-B877-47EC-B835-F932CEBFA7C2}"
EndProject
Project("{FAE04EC0-301F-11D3-BF4B-00C04F79EFBC}") = "FoodManage", "FoodManage\FoodManage.csproj", "{42E25DF7-3FB3-4C3B-A7FB-FA4E054E6851}"
EndProject
Project("{FAE04EC0-301F-11D3-BF4B-00C04F79EFBC}") = "FoodService", "FoodService\FoodService.csproj", "{0E8B29D8-E09F-4742-ACD4-BFC78E785B77}"
EndProject
Project("{2150E333-8FDC-42A3-9474-1A3956D46DE8}") = "AlyPay", "AlyPay", "{0133AF0B-6404-4112-86E6-0331F049A2DC}"
EndProject
Project("{FAE04EC0-301F-11D3-BF4B-00C04F79EFBC}") = "AopSdk", "alipay-sdk-NET20161213174056\AopSdk.csproj", "{9C11CAE5-5188-4E71-825B-68FC3135728A}"
EndProject
Project("{FAE04EC0-301F-11D3-BF4B-00C04F79EFBC}") = "F2FPayDll", "F2FPayDll\F2FPayDll.csproj", "{EC6DA18D-0532-4E73-BA69-A575A724C8BB}"
EndProject
Global
	GlobalSection(SolutionConfigurationPlatforms) = preSolution
		Debug|Any CPU = Debug|Any CPU
		Release|Any CPU = Release|Any CPU
	EndGlobalSection
	GlobalSection(ProjectConfigurationPlatforms) = postSolution
		{37E39E40-8E18-4F98-BA71-2CB7D24F4B57}.Debug|Any CPU.ActiveCfg = Debug|Any CPU
		{37E39E40-8E18-4F98-BA71-2CB7D24F4B57}.Debug|Any CPU.Build.0 = Debug|Any CPU
		{37E39E40-8E18-4F98-BA71-2CB7D24F4B57}.Release|Any CPU.ActiveCfg = Release|Any CPU
		{37E39E40-8E18-4F98-BA71-2CB7D24F4B57}.Release|Any CPU.Build.0 = Release|Any CPU
		{D2B6B858-82B8-401A-AA78-49E9ABA317B3}.Debug|Any CPU.ActiveCfg = Debug|Any CPU
		{D2B6B858-82B8-401A-AA78-49E9ABA317B3}.Debug|Any CPU.Build.0 = Debug|Any CPU
		{D2B6B858-82B8-401A-AA78-49E9ABA317B3}.Release|Any CPU.ActiveCfg = Release|Any CPU
		{D2B6B858-82B8-401A-AA78-49E9ABA317B3}.Release|Any CPU.Build.0 = Release|Any CPU
		{502546EF-D20A-4278-96D0-75717376B24F}.Debug|Any CPU.ActiveCfg = Debug|Any CPU
		{502546EF-D20A-4278-96D0-75717376B24F}.Debug|Any CPU.Build.0 = Debug|Any CPU
		{502546EF-D20A-4278-96D0-75717376B24F}.Release|Any CPU.ActiveCfg = Release|Any CPU
		{502546EF-D20A-4278-96D0-75717376B24F}.Release|Any CPU.Build.0 = Release|Any CPU
		{3CCD844E-7450-4997-8101-4F42FA27B1AF}.Debug|Any CPU.ActiveCfg = Debug|Any CPU
		{3CCD844E-7450-4997-8101-4F42FA27B1AF}.Debug|Any CPU.Build.0 = Debug|Any CPU
		{3CCD844E-7450-4997-8101-4F42FA27B1AF}.Release|Any CPU.ActiveCfg = Release|Any CPU
		{3CCD844E-7450-4997-8101-4F42FA27B1AF}.Release|Any CPU.Build.0 = Release|Any CPU
		{59F73639-1593-4C7D-A632-F65DD6E05A61}.Debug|Any CPU.ActiveCfg = Debug|Any CPU
		{59F73639-1593-4C7D-A632-F65DD6E05A61}.Debug|Any CPU.Build.0 = Debug|Any CPU
		{59F73639-1593-4C7D-A632-F65DD6E05A61}.Release|Any CPU.ActiveCfg = Release|Any CPU
		{59F73639-1593-4C7D-A632-F65DD6E05A61}.Release|Any CPU.Build.0 = Release|Any CPU
		{0D75844F-CE45-4943-B3DD-74A206469D46}.Debug|Any CPU.ActiveCfg = Debug|Any CPU
		{0D75844F-CE45-4943-B3DD-74A206469D46}.Debug|Any CPU.Build.0 = Debug|Any CPU
		{0D75844F-CE45-4943-B3DD-74A206469D46}.Release|Any CPU.ActiveCfg = Release|Any CPU
		{0D75844F-CE45-4943-B3DD-74A206469D46}.Release|Any CPU.Build.0 = Release|Any CPU
		{C00C3868-06C1-4571-B92B-68C31E0EE8A9}.Debug|Any CPU.ActiveCfg = Debug|Any CPU
		{C00C3868-06C1-4571-B92B-68C31E0EE8A9}.Debug|Any CPU.Build.0 = Debug|Any CPU
		{C00C3868-06C1-4571-B92B-68C31E0EE8A9}.Release|Any CPU.ActiveCfg = Release|Any CPU
		{C00C3868-06C1-4571-B92B-68C31E0EE8A9}.Release|Any CPU.Build.0 = Release|Any CPU
		{70B5FD92-4EEA-4AF2-AC07-1F11F4F9B02A}.Debug|Any CPU.ActiveCfg = Debug|Any CPU
		{70B5FD92-4EEA-4AF2-AC07-1F11F4F9B02A}.Debug|Any CPU.Build.0 = Debug|Any CPU
		{70B5FD92-4EEA-4AF2-AC07-1F11F4F9B02A}.Release|Any CPU.ActiveCfg = Release|Any CPU
		{70B5FD92-4EEA-4AF2-AC07-1F11F4F9B02A}.Release|Any CPU.Build.0 = Release|Any CPU
		{8A122512-B877-47EC-B835-F932CEBFA7C2}.Debug|Any CPU.ActiveCfg = Debug|Any CPU
		{8A122512-B877-47EC-B835-F932CEBFA7C2}.Debug|Any CPU.Build.0 = Debug|Any CPU
		{8A122512-B877-47EC-B835-F932CEBFA7C2}.Release|Any CPU.ActiveCfg = Release|Any CPU
		{8A122512-B877-47EC-B835-F932CEBFA7C2}.Release|Any CPU.Build.0 = Release|Any CPU
		{42E25DF7-3FB3-4C3B-A7FB-FA4E054E6851}.Debug|Any CPU.ActiveCfg = Debug|Any CPU
		{42E25DF7-3FB3-4C3B-A7FB-FA4E054E6851}.Debug|Any CPU.Build.0 = Debug|Any CPU
		{42E25DF7-3FB3-4C3B-A7FB-FA4E054E6851}.Release|Any CPU.ActiveCfg = Release|Any CPU
		{42E25DF7-3FB3-4C3B-A7FB-FA4E054E6851}.Release|Any CPU.Build.0 = Release|Any CPU
		{0E8B29D8-E09F-4742-ACD4-BFC78E785B77}.Debug|Any CPU.ActiveCfg = Debug|Any CPU
		{0E8B29D8-E09F-4742-ACD4-BFC78E785B77}.Debug|Any CPU.Build.0 = Debug|Any CPU
		{0E8B29D8-E09F-4742-ACD4-BFC78E785B77}.Release|Any CPU.ActiveCfg = Release|Any CPU
		{0E8B29D8-E09F-4742-ACD4-BFC78E785B77}.Release|Any CPU.Build.0 = Release|Any CPU
		{9C11CAE5-5188-4E71-825B-68FC3135728A}.Debug|Any CPU.ActiveCfg = Debug|Any CPU
		{9C11CAE5-5188-4E71-825B-68FC3135728A}.Debug|Any CPU.Build.0 = Debug|Any CPU
		{9C11CAE5-5188-4E71-825B-68FC3135728A}.Release|Any CPU.ActiveCfg = Release|Any CPU
		{9C11CAE5-5188-4E71-825B-68FC3135728A}.Release|Any CPU.Build.0 = Release|Any CPU
		{EC6DA18D-0532-4E73-BA69-A575A724C8BB}.Debug|Any CPU.ActiveCfg = Debug|Any CPU
		{EC6DA18D-0532-4E73-BA69-A575A724C8BB}.Debug|Any CPU.Build.0 = Debug|Any CPU
		{EC6DA18D-0532-4E73-BA69-A575A724C8BB}.Release|Any CPU.ActiveCfg = Release|Any CPU
		{EC6DA18D-0532-4E73-BA69-A575A724C8BB}.Release|Any CPU.Build.0 = Release|Any CPU
	EndGlobalSection
	GlobalSection(SolutionProperties) = preSolution
		HideSolutionNode = FALSE
	EndGlobalSection
	GlobalSection(NestedProjects) = preSolution
		{37E39E40-8E18-4F98-BA71-2CB7D24F4B57} = {58260C16-C088-466F-8333-7FC933308E47}
		{D2B6B858-82B8-401A-AA78-49E9ABA317B3} = {AA63687D-0A71-48C5-86A2-273C5762B5B0}
		{502546EF-D20A-4278-96D0-75717376B24F} = {58260C16-C088-466F-8333-7FC933308E47}
		{3CCD844E-7450-4997-8101-4F42FA27B1AF} = {E71E0075-9507-401C-88E0-261B336E7821}
		{59F73639-1593-4C7D-A632-F65DD6E05A61} = {DA616CF6-B2CF-4C2B-A5BE-707ABC001CA2}
		{A98E917B-4037-478F-B49B-98AA5906E71E} = {AA63687D-0A71-48C5-86A2-273C5762B5B0}
		{0D75844F-CE45-4943-B3DD-74A206469D46} = {A98E917B-4037-478F-B49B-98AA5906E71E}
		{C00C3868-06C1-4571-B92B-68C31E0EE8A9} = {A98E917B-4037-478F-B49B-98AA5906E71E}
		{70B5FD92-4EEA-4AF2-AC07-1F11F4F9B02A} = {E71E0075-9507-401C-88E0-261B336E7821}
		{8A122512-B877-47EC-B835-F932CEBFA7C2} = {DA616CF6-B2CF-4C2B-A5BE-707ABC001CA2}
		{42E25DF7-3FB3-4C3B-A7FB-FA4E054E6851} = {E71E0075-9507-401C-88E0-261B336E7821}
		{0E8B29D8-E09F-4742-ACD4-BFC78E785B77} = {DA616CF6-B2CF-4C2B-A5BE-707ABC001CA2}
		{0133AF0B-6404-4112-86E6-0331F049A2DC} = {DA616CF6-B2CF-4C2B-A5BE-707ABC001CA2}
		{9C11CAE5-5188-4E71-825B-68FC3135728A} = {0133AF0B-6404-4112-86E6-0331F049A2DC}
		{EC6DA18D-0532-4E73-BA69-A575A724C8BB} = {0133AF0B-6404-4112-86E6-0331F049A2DC}
	EndGlobalSection
	GlobalSection(ExtensibilityGlobals) = postSolution
		SolutionGuid = {5ACCFE97-A2DA-4B2B-BD7B-98F2309D1C63}
	EndGlobalSection
EndGlobal
